
Microsoft Visual Studio Solution File, Format Version 12.00
# Visual Studio Version 17
VisualStudioVersion = 17.13.35931.197
MinimumVisualStudioVersion = 10.0.40219.1
Project("{FAE04EC0-301F-11D3-BF4B-00C04F79EFBC}") = "OpenCursor.Host", "OpenCursor.Host\OpenCursor.Host.csproj", "{BD16FA4C-CB68-4D53-B112-7DC80511AC00}"
EndProject
Project("{2150E333-8FDC-42A3-9474-1A3956D46DE8}") = "Solution Items", "Solution Items", "{8EC462FD-D22E-90A8-E5CE-7E832BA40C5D}"
	ProjectSection(SolutionItems) = preProject
		CLAUDE_INTEGRATION.md = CLAUDE_INTEGRATION.md
		PROJECT_ANALYSIS.md = PROJECT_ANALYSIS.md
		Requirements.txt = Requirements.txt
	EndProjectSection
EndProject
Project("{FAE04EC0-301F-11D3-BF4B-00C04F79EFBC}") = "OpenCursor.MCPServer", "OpenCursor.MCPServer\OpenCursor.MCPServer.csproj", "{316C2697-CEEA-AA63-6C2E-F2C903FC5595}"
EndProject
Global
	GlobalSection(SolutionConfigurationPlatforms) = preSolution
		Debug|Any CPU = Debug|Any CPU
		Release|Any CPU = Release|Any CPU
	EndGlobalSection
	GlobalSection(ProjectConfigurationPlatforms) = postSolution
		{BD16FA4C-CB68-4D53-B112-7DC80511AC00}.Debug|Any CPU.ActiveCfg = Debug|Any CPU
		{BD16FA4C-CB68-4D53-B112-7DC80511AC00}.Debug|Any CPU.Build.0 = Debug|Any CPU
		{BD16FA4C-CB68-4D53-B112-7DC80511AC00}.Release|Any CPU.ActiveCfg = Release|Any CPU
		{BD16FA4C-CB68-4D53-B112-7DC80511AC00}.Release|Any CPU.Build.0 = Release|Any CPU
		{316C2697-CEEA-AA63-6C2E-F2C903FC5595}.Debug|Any CPU.ActiveCfg = Debug|Any CPU
		{316C2697-CEEA-AA63-6C2E-F2C903FC5595}.Debug|Any CPU.Build.0 = Debug|Any CPU
		{316C2697-CEEA-AA63-6C2E-F2C903FC5595}.Release|Any CPU.ActiveCfg = Release|Any CPU
		{316C2697-CEEA-AA63-6C2E-F2C903FC5595}.Release|Any CPU.Build.0 = Release|Any CPU
	EndGlobalSection
	GlobalSection(SolutionProperties) = preSolution
		HideSolutionNode = FALSE
	EndGlobalSection
	GlobalSection(ExtensibilityGlobals) = postSolution
		SolutionGuid = {BD167475-1B1C-4CDC-9E06-346341EFC8BF}
	EndGlobalSection
EndGlobal
